// !$*UTF8*$!
{
	archiveVersion = 1;
	classes = {
	};
	objectVersion = 50;
	objects = {

/* Begin PBXBuildFile section */
		4A012530260BE58B009E3F6B /* NoteRowView.swift in Sources */ = {isa = PBXBuildFile; fileRef = 4A01252F260BE58B009E3F6B /* NoteRowView.swift */; };
		4A012560260C000D009E3F6B /* NoteUploadView.swift in Sources */ = {isa = PBXBuildFile; fileRef = 4A01255F260C000D009E3F6B /* NoteUploadView.swift */; };
		4A01256B260C1AC3009E3F6B /* LocalNoteView.swift in Sources */ = {isa = PBXBuildFile; fileRef = 4A01256A260C1AC3009E3F6B /* LocalNoteView.swift */; };
		4A012570260C1AE1009E3F6B /* CloudNoteView.swift in Sources */ = {isa = PBXBuildFile; fileRef = 4A01256F260C1AE1009E3F6B /* CloudNoteView.swift */; };
		4A012575260C1E9A009E3F6B /* NoteModel.swift in Sources */ = {isa = PBXBuildFile; fileRef = 4A012574260C1E9A009E3F6B /* NoteModel.swift */; };
		4A012585260C22FD009E3F6B /* notes_data.json in Resources */ = {isa = PBXBuildFile; fileRef = 4A012584260C22FD009E3F6B /* notes_data.json */; };
		4A01260A260C46C0009E3F6B /* NoteRatingView.swift in Sources */ = {isa = PBXBuildFile; fileRef = 4A012609260C46C0009E3F6B /* NoteRatingView.swift */; };
		4A0126A3260C722C009E3F6B /* CodableExtension.swift in Sources */ = {isa = PBXBuildFile; fileRef = 4A0126A2260C722C009E3F6B /* CodableExtension.swift */; };
		4A0126F1260C8A58009E3F6B /* NoteDataView.swift in Sources */ = {isa = PBXBuildFile; fileRef = 4A0126F0260C8A58009E3F6B /* NoteDataView.swift */; };
		4A04FD6D2603F16B00895B0D /* StartButtonView.swift in Sources */ = {isa = PBXBuildFile; fileRef = 4A04FD6C2603F16B00895B0D /* StartButtonView.swift */; };
		4A04FD7A2604368900895B0D /* OnBoardingView.swift in Sources */ = {isa = PBXBuildFile; fileRef = 4A04FD792604368900895B0D /* OnBoardingView.swift */; };
		4A0739B5260530A800A823DF /* MainView.swift in Sources */ = {isa = PBXBuildFile; fileRef = 4A0739B4260530A800A823DF /* MainView.swift */; };
		4A0739BD2605340D00A823DF /* StorageView.swift in Sources */ = {isa = PBXBuildFile; fileRef = 4A0739BC2605340D00A823DF /* StorageView.swift */; };
		4A0739C2260534B000A823DF /* RecommendationView.swift in Sources */ = {isa = PBXBuildFile; fileRef = 4A0739C1260534B000A823DF /* RecommendationView.swift */; };
		4A073A0B2605565A00A823DF /* MiniNoteCardView.swift in Sources */ = {isa = PBXBuildFile; fileRef = 4A073A0A2605565A00A823DF /* MiniNoteCardView.swift */; };
		4A65D062260D324A00B0F58B /* Launch Screen.storyboard in Resources */ = {isa = PBXBuildFile; fileRef = 4A65D061260D324A00B0F58B /* Launch Screen.storyboard */; };
		4A72D92326FFA6B900519D6A /* ClassroomsView.swift in Sources */ = {isa = PBXBuildFile; fileRef = 4A72D92226FFA6B900519D6A /* ClassroomsView.swift */; };
		4A72D92C26FFB23F00519D6A /* ClassroomGridItemView.swift in Sources */ = {isa = PBXBuildFile; fileRef = 4A72D92B26FFB23F00519D6A /* ClassroomGridItemView.swift */; };
		4A72D93226FFB4F800519D6A /* ClassroomModel.swift in Sources */ = {isa = PBXBuildFile; fileRef = 4A72D93126FFB4F800519D6A /* ClassroomModel.swift */; };
		4A72D93D26FFBCB900519D6A /* classrooms_data.json in Resources */ = {isa = PBXBuildFile; fileRef = 4A72D93C26FFBCB900519D6A /* classrooms_data.json */; };
		4A72D95726FFDD1700519D6A /* ClassroomUserModel.swift in Sources */ = {isa = PBXBuildFile; fileRef = 4A72D95626FFDD1700519D6A /* ClassroomUserModel.swift */; };
		4A7EDFE926F3EF120007D91B /* InfoPlistParser.swift in Sources */ = {isa = PBXBuildFile; fileRef = 4A7EDFE826F3EF120007D91B /* InfoPlistParser.swift */; };
		4A7EDFF126F3F1910007D91B /* Constants.swift in Sources */ = {isa = PBXBuildFile; fileRef = 4A7EDFF026F3F1910007D91B /* Constants.swift */; };
		B833317A26294CF700365D11 /* FilePickedView.swift in Sources */ = {isa = PBXBuildFile; fileRef = B833317926294CF700365D11 /* FilePickedView.swift */; };
		B833318F262A007100365D11 /* NoteUploadViewModel.swift in Sources */ = {isa = PBXBuildFile; fileRef = B833318E262A007100365D11 /* NoteUploadViewModel.swift */; };
		B842E96C262B63880027E2CB /* UtilFunctions.swift in Sources */ = {isa = PBXBuildFile; fileRef = B842E96B262B63880027E2CB /* UtilFunctions.swift */; };
		B864A7C5262BAABB0058493F /* ValidationOverride.swift in Sources */ = {isa = PBXBuildFile; fileRef = B864A7C4262BAABB0058493F /* ValidationOverride.swift */; };
		B866B1FE262A4B44004C2681 /* NoteViewViewModel.swift in Sources */ = {isa = PBXBuildFile; fileRef = B866B1FD262A4B44004C2681 /* NoteViewViewModel.swift */; };
		B898743B2626999100C25B23 /* NoteSearchViewModel.swift in Sources */ = {isa = PBXBuildFile; fileRef = B898743A2626999100C25B23 /* NoteSearchViewModel.swift */; };
		B8AB655D261A1F8100FC4320 /* InputFieldViewCollection.swift in Sources */ = {isa = PBXBuildFile; fileRef = B8AB655C261A1F8100FC4320 /* InputFieldViewCollection.swift */; };
		B8AB6562261A231000FC4320 /* PrimaryButtonView.swift in Sources */ = {isa = PBXBuildFile; fileRef = B8AB6561261A231000FC4320 /* PrimaryButtonView.swift */; };
		B8C5CD232628EBFC00C9FC74 /* NoteListRowItem.swift in Sources */ = {isa = PBXBuildFile; fileRef = B8C5CD222628EBFC00C9FC74 /* NoteListRowItem.swift */; };
		B8D14111261BA7F400D3822E /* SignUpModel.swift in Sources */ = {isa = PBXBuildFile; fileRef = B8D14110261BA7F400D3822E /* SignUpModel.swift */; };
		B8D1413B261BE8AD00D3822E /* KeyboardGuardian.swift in Sources */ = {isa = PBXBuildFile; fileRef = B8D1413A261BE8AD00D3822E /* KeyboardGuardian.swift */; };
		B8D14140261BE95300D3822E /* GeometryGetter.swift in Sources */ = {isa = PBXBuildFile; fileRef = B8D1413F261BE95300D3822E /* GeometryGetter.swift */; };
		B8DA2056261A5E9400EF93AB /* KeychainWrapper.swift in Sources */ = {isa = PBXBuildFile; fileRef = B8DA2055261A5E9400EF93AB /* KeychainWrapper.swift */; };
		B8DA205B261A600500EF93AB /* TokenService.swift in Sources */ = {isa = PBXBuildFile; fileRef = B8DA205A261A600500EF93AB /* TokenService.swift */; };
		B8DA2065261A80FC00EF93AB /* LoginViewModel.swift in Sources */ = {isa = PBXBuildFile; fileRef = B8DA2064261A80FC00EF93AB /* LoginViewModel.swift */; };
		B8DA206A261A810D00EF93AB /* SignUpViewModel.swift in Sources */ = {isa = PBXBuildFile; fileRef = B8DA2069261A810D00EF93AB /* SignUpViewModel.swift */; };
		B8DACB43261901C00066755A /* LoginView.swift in Sources */ = {isa = PBXBuildFile; fileRef = B8DACB42261901C00066755A /* LoginView.swift */; };
		B8DACB492619040D0066755A /* Authentication.swift in Sources */ = {isa = PBXBuildFile; fileRef = B8DACB482619040D0066755A /* Authentication.swift */; };
		B8E1CBA125F14C2C00493EC5 /* StudySnapApp.swift in Sources */ = {isa = PBXBuildFile; fileRef = B8E1CBA025F14C2C00493EC5 /* StudySnapApp.swift */; };
		B8E1CBA325F14C2C00493EC5 /* NoteSearchView.swift in Sources */ = {isa = PBXBuildFile; fileRef = B8E1CBA225F14C2C00493EC5 /* NoteSearchView.swift */; };
		B8E1CBA525F14C2D00493EC5 /* Assets.xcassets in Resources */ = {isa = PBXBuildFile; fileRef = B8E1CBA425F14C2D00493EC5 /* Assets.xcassets */; };
		B8E1CBA825F14C2D00493EC5 /* Preview Assets.xcassets in Resources */ = {isa = PBXBuildFile; fileRef = B8E1CBA725F14C2D00493EC5 /* Preview Assets.xcassets */; };
		B8E1CBB325F14C2D00493EC5 /* StudySnapTests.swift in Sources */ = {isa = PBXBuildFile; fileRef = B8E1CBB225F14C2D00493EC5 /* StudySnapTests.swift */; };
		B8E1CBBE25F14C2D00493EC5 /* StudySnapUITests.swift in Sources */ = {isa = PBXBuildFile; fileRef = B8E1CBBD25F14C2D00493EC5 /* StudySnapUITests.swift */; };
		B8E1CBDE25F17A5F00493EC5 /* SignUpView.swift in Sources */ = {isa = PBXBuildFile; fileRef = B8E1CBDD25F17A5F00493EC5 /* SignUpView.swift */; };
		B8FC45F7262683BE002179F3 /* Neptune.swift in Sources */ = {isa = PBXBuildFile; fileRef = B8FC45F6262683BE002179F3 /* Neptune.swift */; };
/* End PBXBuildFile section */

/* Begin PBXContainerItemProxy section */
		B8E1CBAF25F14C2D00493EC5 /* PBXContainerItemProxy */ = {
			isa = PBXContainerItemProxy;
			containerPortal = B8E1CB9525F14C2C00493EC5 /* Project object */;
			proxyType = 1;
			remoteGlobalIDString = B8E1CB9C25F14C2C00493EC5;
			remoteInfo = StudySnap;
		};
		B8E1CBBA25F14C2D00493EC5 /* PBXContainerItemProxy */ = {
			isa = PBXContainerItemProxy;
			containerPortal = B8E1CB9525F14C2C00493EC5 /* Project object */;
			proxyType = 1;
			remoteGlobalIDString = B8E1CB9C25F14C2C00493EC5;
			remoteInfo = StudySnap;
		};
/* End PBXContainerItemProxy section */

/* Begin PBXFileReference section */
		4A01252F260BE58B009E3F6B /* NoteRowView.swift */ = {isa = PBXFileReference; lastKnownFileType = sourcecode.swift; path = NoteRowView.swift; sourceTree = "<group>"; };
		4A01255F260C000D009E3F6B /* NoteUploadView.swift */ = {isa = PBXFileReference; lastKnownFileType = sourcecode.swift; path = NoteUploadView.swift; sourceTree = "<group>"; };
		4A01256A260C1AC3009E3F6B /* LocalNoteView.swift */ = {isa = PBXFileReference; lastKnownFileType = sourcecode.swift; path = LocalNoteView.swift; sourceTree = "<group>"; };
		4A01256F260C1AE1009E3F6B /* CloudNoteView.swift */ = {isa = PBXFileReference; lastKnownFileType = sourcecode.swift; path = CloudNoteView.swift; sourceTree = "<group>"; };
		4A012574260C1E9A009E3F6B /* NoteModel.swift */ = {isa = PBXFileReference; lastKnownFileType = sourcecode.swift; path = NoteModel.swift; sourceTree = "<group>"; };
		4A012584260C22FD009E3F6B /* notes_data.json */ = {isa = PBXFileReference; fileEncoding = 4; lastKnownFileType = text.json; path = notes_data.json; sourceTree = "<group>"; };
		4A012609260C46C0009E3F6B /* NoteRatingView.swift */ = {isa = PBXFileReference; lastKnownFileType = sourcecode.swift; path = NoteRatingView.swift; sourceTree = "<group>"; };
		4A0126A2260C722C009E3F6B /* CodableExtension.swift */ = {isa = PBXFileReference; lastKnownFileType = sourcecode.swift; path = CodableExtension.swift; sourceTree = "<group>"; };
		4A0126F0260C8A58009E3F6B /* NoteDataView.swift */ = {isa = PBXFileReference; lastKnownFileType = sourcecode.swift; path = NoteDataView.swift; sourceTree = "<group>"; };
		4A04FD6C2603F16B00895B0D /* StartButtonView.swift */ = {isa = PBXFileReference; lastKnownFileType = sourcecode.swift; path = StartButtonView.swift; sourceTree = "<group>"; };
		4A04FD792604368900895B0D /* OnBoardingView.swift */ = {isa = PBXFileReference; lastKnownFileType = sourcecode.swift; path = OnBoardingView.swift; sourceTree = "<group>"; };
		4A0739B4260530A800A823DF /* MainView.swift */ = {isa = PBXFileReference; lastKnownFileType = sourcecode.swift; path = MainView.swift; sourceTree = "<group>"; };
		4A0739BC2605340D00A823DF /* StorageView.swift */ = {isa = PBXFileReference; lastKnownFileType = sourcecode.swift; path = StorageView.swift; sourceTree = "<group>"; };
		4A0739C1260534B000A823DF /* RecommendationView.swift */ = {isa = PBXFileReference; lastKnownFileType = sourcecode.swift; path = RecommendationView.swift; sourceTree = "<group>"; };
		4A073A0A2605565A00A823DF /* MiniNoteCardView.swift */ = {isa = PBXFileReference; lastKnownFileType = sourcecode.swift; path = MiniNoteCardView.swift; sourceTree = "<group>"; };
		4A65D061260D324A00B0F58B /* Launch Screen.storyboard */ = {isa = PBXFileReference; lastKnownFileType = file.storyboard; path = "Launch Screen.storyboard"; sourceTree = "<group>"; };
		4A72D92226FFA6B900519D6A /* ClassroomsView.swift */ = {isa = PBXFileReference; lastKnownFileType = sourcecode.swift; path = ClassroomsView.swift; sourceTree = "<group>"; };
		4A72D92B26FFB23F00519D6A /* ClassroomGridItemView.swift */ = {isa = PBXFileReference; lastKnownFileType = sourcecode.swift; path = ClassroomGridItemView.swift; sourceTree = "<group>"; };
		4A72D93126FFB4F800519D6A /* ClassroomModel.swift */ = {isa = PBXFileReference; lastKnownFileType = sourcecode.swift; path = ClassroomModel.swift; sourceTree = "<group>"; };
		4A72D93C26FFBCB900519D6A /* classrooms_data.json */ = {isa = PBXFileReference; lastKnownFileType = text.json; path = classrooms_data.json; sourceTree = "<group>"; };
		4A72D95626FFDD1700519D6A /* ClassroomUserModel.swift */ = {isa = PBXFileReference; lastKnownFileType = sourcecode.swift; path = ClassroomUserModel.swift; sourceTree = "<group>"; };
		4A7EDFE826F3EF120007D91B /* InfoPlistParser.swift */ = {isa = PBXFileReference; lastKnownFileType = sourcecode.swift; path = InfoPlistParser.swift; sourceTree = "<group>"; };
		4A7EDFF026F3F1910007D91B /* Constants.swift */ = {isa = PBXFileReference; lastKnownFileType = sourcecode.swift; path = Constants.swift; sourceTree = "<group>"; };
		B833317926294CF700365D11 /* FilePickedView.swift */ = {isa = PBXFileReference; lastKnownFileType = sourcecode.swift; path = FilePickedView.swift; sourceTree = "<group>"; };
		B833318E262A007100365D11 /* NoteUploadViewModel.swift */ = {isa = PBXFileReference; lastKnownFileType = sourcecode.swift; path = NoteUploadViewModel.swift; sourceTree = "<group>"; };
		B842E96B262B63880027E2CB /* UtilFunctions.swift */ = {isa = PBXFileReference; lastKnownFileType = sourcecode.swift; path = UtilFunctions.swift; sourceTree = "<group>"; };
		B864A7C4262BAABB0058493F /* ValidationOverride.swift */ = {isa = PBXFileReference; lastKnownFileType = sourcecode.swift; path = ValidationOverride.swift; sourceTree = "<group>"; };
		B866B1FD262A4B44004C2681 /* NoteViewViewModel.swift */ = {isa = PBXFileReference; lastKnownFileType = sourcecode.swift; path = NoteViewViewModel.swift; sourceTree = "<group>"; };
		B898743A2626999100C25B23 /* NoteSearchViewModel.swift */ = {isa = PBXFileReference; lastKnownFileType = sourcecode.swift; path = NoteSearchViewModel.swift; sourceTree = "<group>"; };
		B8AB655C261A1F8100FC4320 /* InputFieldViewCollection.swift */ = {isa = PBXFileReference; lastKnownFileType = sourcecode.swift; path = InputFieldViewCollection.swift; sourceTree = "<group>"; };
		B8AB6561261A231000FC4320 /* PrimaryButtonView.swift */ = {isa = PBXFileReference; lastKnownFileType = sourcecode.swift; path = PrimaryButtonView.swift; sourceTree = "<group>"; };
		B8C5CD222628EBFC00C9FC74 /* NoteListRowItem.swift */ = {isa = PBXFileReference; lastKnownFileType = sourcecode.swift; path = NoteListRowItem.swift; sourceTree = "<group>"; };
		B8D14110261BA7F400D3822E /* SignUpModel.swift */ = {isa = PBXFileReference; lastKnownFileType = sourcecode.swift; path = SignUpModel.swift; sourceTree = "<group>"; };
		B8D1413A261BE8AD00D3822E /* KeyboardGuardian.swift */ = {isa = PBXFileReference; lastKnownFileType = sourcecode.swift; path = KeyboardGuardian.swift; sourceTree = "<group>"; };
		B8D1413F261BE95300D3822E /* GeometryGetter.swift */ = {isa = PBXFileReference; lastKnownFileType = sourcecode.swift; path = GeometryGetter.swift; sourceTree = "<group>"; };
		B8DA2055261A5E9400EF93AB /* KeychainWrapper.swift */ = {isa = PBXFileReference; lastKnownFileType = sourcecode.swift; path = KeychainWrapper.swift; sourceTree = "<group>"; };
		B8DA205A261A600500EF93AB /* TokenService.swift */ = {isa = PBXFileReference; lastKnownFileType = sourcecode.swift; path = TokenService.swift; sourceTree = "<group>"; };
		B8DA2064261A80FC00EF93AB /* LoginViewModel.swift */ = {isa = PBXFileReference; lastKnownFileType = sourcecode.swift; path = LoginViewModel.swift; sourceTree = "<group>"; };
		B8DA2069261A810D00EF93AB /* SignUpViewModel.swift */ = {isa = PBXFileReference; lastKnownFileType = sourcecode.swift; path = SignUpViewModel.swift; sourceTree = "<group>"; };
		B8DACB42261901C00066755A /* LoginView.swift */ = {isa = PBXFileReference; lastKnownFileType = sourcecode.swift; path = LoginView.swift; sourceTree = "<group>"; };
		B8DACB482619040D0066755A /* Authentication.swift */ = {isa = PBXFileReference; lastKnownFileType = sourcecode.swift; path = Authentication.swift; sourceTree = "<group>"; };
		B8E1CB9D25F14C2C00493EC5 /* StudySnap.app */ = {isa = PBXFileReference; explicitFileType = wrapper.application; includeInIndex = 0; path = StudySnap.app; sourceTree = BUILT_PRODUCTS_DIR; };
		B8E1CBA025F14C2C00493EC5 /* StudySnapApp.swift */ = {isa = PBXFileReference; lastKnownFileType = sourcecode.swift; path = StudySnapApp.swift; sourceTree = "<group>"; };
		B8E1CBA225F14C2C00493EC5 /* NoteSearchView.swift */ = {isa = PBXFileReference; lastKnownFileType = sourcecode.swift; path = NoteSearchView.swift; sourceTree = "<group>"; };
		B8E1CBA425F14C2D00493EC5 /* Assets.xcassets */ = {isa = PBXFileReference; lastKnownFileType = folder.assetcatalog; path = Assets.xcassets; sourceTree = "<group>"; };
		B8E1CBA725F14C2D00493EC5 /* Preview Assets.xcassets */ = {isa = PBXFileReference; lastKnownFileType = folder.assetcatalog; path = "Preview Assets.xcassets"; sourceTree = "<group>"; };
		B8E1CBA925F14C2D00493EC5 /* Info.plist */ = {isa = PBXFileReference; lastKnownFileType = text.plist.xml; path = Info.plist; sourceTree = "<group>"; };
		B8E1CBAE25F14C2D00493EC5 /* StudySnapTests.xctest */ = {isa = PBXFileReference; explicitFileType = wrapper.cfbundle; includeInIndex = 0; path = StudySnapTests.xctest; sourceTree = BUILT_PRODUCTS_DIR; };
		B8E1CBB225F14C2D00493EC5 /* StudySnapTests.swift */ = {isa = PBXFileReference; lastKnownFileType = sourcecode.swift; path = StudySnapTests.swift; sourceTree = "<group>"; };
		B8E1CBB425F14C2D00493EC5 /* Info.plist */ = {isa = PBXFileReference; lastKnownFileType = text.plist.xml; path = Info.plist; sourceTree = "<group>"; };
		B8E1CBB925F14C2D00493EC5 /* StudySnapUITests.xctest */ = {isa = PBXFileReference; explicitFileType = wrapper.cfbundle; includeInIndex = 0; path = StudySnapUITests.xctest; sourceTree = BUILT_PRODUCTS_DIR; };
		B8E1CBBD25F14C2D00493EC5 /* StudySnapUITests.swift */ = {isa = PBXFileReference; lastKnownFileType = sourcecode.swift; path = StudySnapUITests.swift; sourceTree = "<group>"; };
		B8E1CBBF25F14C2D00493EC5 /* Info.plist */ = {isa = PBXFileReference; lastKnownFileType = text.plist.xml; path = Info.plist; sourceTree = "<group>"; };
		B8E1CBDD25F17A5F00493EC5 /* SignUpView.swift */ = {isa = PBXFileReference; lastKnownFileType = sourcecode.swift; path = SignUpView.swift; sourceTree = "<group>"; xcLanguageSpecificationIdentifier = xcode.lang.swift; };
		B8FC45F6262683BE002179F3 /* Neptune.swift */ = {isa = PBXFileReference; lastKnownFileType = sourcecode.swift; path = Neptune.swift; sourceTree = "<group>"; };
/* End PBXFileReference section */

/* Begin PBXFrameworksBuildPhase section */
		B8E1CB9A25F14C2C00493EC5 /* Frameworks */ = {
			isa = PBXFrameworksBuildPhase;
			buildActionMask = 2147483647;
			files = (
			);
			runOnlyForDeploymentPostprocessing = 0;
		};
		B8E1CBAB25F14C2D00493EC5 /* Frameworks */ = {
			isa = PBXFrameworksBuildPhase;
			buildActionMask = 2147483647;
			files = (
			);
			runOnlyForDeploymentPostprocessing = 0;
		};
		B8E1CBB625F14C2D00493EC5 /* Frameworks */ = {
			isa = PBXFrameworksBuildPhase;
			buildActionMask = 2147483647;
			files = (
			);
			runOnlyForDeploymentPostprocessing = 0;
		};
/* End PBXFrameworksBuildPhase section */

/* Begin PBXGroup section */
		4A04FD6B2603F07A00895B0D /* Components */ = {
			isa = PBXGroup;
			children = (
				4A012609260C46C0009E3F6B /* NoteRatingView.swift */,
				4A01252F260BE58B009E3F6B /* NoteRowView.swift */,
				4A04FD6C2603F16B00895B0D /* StartButtonView.swift */,
				4A073A0A2605565A00A823DF /* MiniNoteCardView.swift */,
				4A65D061260D324A00B0F58B /* Launch Screen.storyboard */,
				B8AB655C261A1F8100FC4320 /* InputFieldViewCollection.swift */,
				B8AB6561261A231000FC4320 /* PrimaryButtonView.swift */,
				B8C5CD222628EBFC00C9FC74 /* NoteListRowItem.swift */,
			);
			path = Components;
			sourceTree = "<group>";
		};
		4A0739C6260534C100A823DF /* App */ = {
			isa = PBXGroup;
			children = (
				4A04FD792604368900895B0D /* OnBoardingView.swift */,
				B8E1CBA025F14C2C00493EC5 /* StudySnapApp.swift */,
				4A0739B4260530A800A823DF /* MainView.swift */,
				4A7EDFE826F3EF120007D91B /* InfoPlistParser.swift */,
				4A7EDFF026F3F1910007D91B /* Constants.swift */,
			);
			path = App;
			sourceTree = "<group>";
		};
		4A073A0F2605572E00A823DF /* Data */ = {
			isa = PBXGroup;
			children = (
				4A012584260C22FD009E3F6B /* notes_data.json */,
				4A0126F0260C8A58009E3F6B /* NoteDataView.swift */,
				4A72D93C26FFBCB900519D6A /* classrooms_data.json */,
			);
			path = Data;
			sourceTree = "<group>";
		};
		4A073A152605577800A823DF /* Models */ = {
			isa = PBXGroup;
			children = (
				4A012574260C1E9A009E3F6B /* NoteModel.swift */,
			);
			path = Models;
			sourceTree = "<group>";
		};
		4A073A29260559B800A823DF /* Extensions */ = {
			isa = PBXGroup;
			children = (
				4A0126A2260C722C009E3F6B /* CodableExtension.swift */,
			);
			path = Extensions;
			sourceTree = "<group>";
		};
		4A72D92126FFA66200519D6A /* ClassroomManagement */ = {
			isa = PBXGroup;
			children = (
				4A72D93026FFB2C000519D6A /* Models */,
				4A72D92226FFA6B900519D6A /* ClassroomsView.swift */,
				4A72D92B26FFB23F00519D6A /* ClassroomGridItemView.swift */,
			);
			path = ClassroomManagement;
			sourceTree = "<group>";
		};
		4A72D93026FFB2C000519D6A /* Models */ = {
			isa = PBXGroup;
			children = (
				4A72D93126FFB4F800519D6A /* ClassroomModel.swift */,
				4A72D95626FFDD1700519D6A /* ClassroomUserModel.swift */,
			);
			path = Models;
			sourceTree = "<group>";
		};
		B833318D262A005900365D11 /* ViewModel */ = {
			isa = PBXGroup;
			children = (
				B833318E262A007100365D11 /* NoteUploadViewModel.swift */,
			);
			path = ViewModel;
			sourceTree = "<group>";
		};
		B864A7C3262BAAAC0058493F /* Types */ = {
			isa = PBXGroup;
			children = (
				B864A7C4262BAABB0058493F /* ValidationOverride.swift */,
			);
			path = Types;
			sourceTree = "<group>";
		};
		B866B1FC262A4B04004C2681 /* ViewModel */ = {
			isa = PBXGroup;
			children = (
				B866B1FD262A4B44004C2681 /* NoteViewViewModel.swift */,
			);
			path = ViewModel;
			sourceTree = "<group>";
		};
		B8985D0D2628D88700E73093 /* ViewModel */ = {
			isa = PBXGroup;
			children = (
				B898743A2626999100C25B23 /* NoteSearchViewModel.swift */,
			);
			path = ViewModel;
			sourceTree = "<group>";
		};
		B8D14115261BDE2800D3822E /* Upload */ = {
			isa = PBXGroup;
			children = (
				B833318D262A005900365D11 /* ViewModel */,
				4A01255F260C000D009E3F6B /* NoteUploadView.swift */,
				B833317926294CF700365D11 /* FilePickedView.swift */,
			);
			path = Upload;
			sourceTree = "<group>";
		};
		B8D14116261BDE4800D3822E /* NoteManagement */ = {
			isa = PBXGroup;
			children = (
				4A073A152605577800A823DF /* Models */,
				B8D1411C261BDF1200D3822E /* Organization */,
				B8D14118261BDE9100D3822E /* Discovery */,
				B8D14117261BDE5900D3822E /* Viewing */,
				B8D14115261BDE2800D3822E /* Upload */,
			);
			path = NoteManagement;
			sourceTree = "<group>";
		};
		B8D14117261BDE5900D3822E /* Viewing */ = {
			isa = PBXGroup;
			children = (
				B866B1FC262A4B04004C2681 /* ViewModel */,
				4A01256A260C1AC3009E3F6B /* LocalNoteView.swift */,
				4A01256F260C1AE1009E3F6B /* CloudNoteView.swift */,
			);
			path = Viewing;
			sourceTree = "<group>";
		};
		B8D14118261BDE9100D3822E /* Discovery */ = {
			isa = PBXGroup;
			children = (
				B8985D0D2628D88700E73093 /* ViewModel */,
				B8E1CBA225F14C2C00493EC5 /* NoteSearchView.swift */,
				4A0739C1260534B000A823DF /* RecommendationView.swift */,
			);
			path = Discovery;
			sourceTree = "<group>";
		};
		B8D1411C261BDF1200D3822E /* Organization */ = {
			isa = PBXGroup;
			children = (
				4A0739BC2605340D00A823DF /* StorageView.swift */,
			);
			path = Organization;
			sourceTree = "<group>";
		};
		B8D1412C261BE0F800D3822E /* Old */ = {
			isa = PBXGroup;
			children = (
				4A073A29260559B800A823DF /* Extensions */,
				4A073A0F2605572E00A823DF /* Data */,
			);
			path = Old;
			sourceTree = "<group>";
		};
		B8D14139261BE89E00D3822E /* Generic */ = {
			isa = PBXGroup;
			children = (
				B864A7C3262BAAAC0058493F /* Types */,
				B8FC45F6262683BE002179F3 /* Neptune.swift */,
				B8D1413A261BE8AD00D3822E /* KeyboardGuardian.swift */,
				B8D1413F261BE95300D3822E /* GeometryGetter.swift */,
				B842E96B262B63880027E2CB /* UtilFunctions.swift */,
			);
			path = Generic;
			sourceTree = "<group>";
		};
		B8DA2054261A5E8500EF93AB /* Keychain */ = {
			isa = PBXGroup;
			children = (
				B8DA2055261A5E9400EF93AB /* KeychainWrapper.swift */,
				B8DA205A261A600500EF93AB /* TokenService.swift */,
			);
			path = Keychain;
			sourceTree = "<group>";
		};
		B8DA205F261A80B500EF93AB /* Sign Up */ = {
			isa = PBXGroup;
			children = (
				B8E1CBDD25F17A5F00493EC5 /* SignUpView.swift */,
				B8DA2069261A810D00EF93AB /* SignUpViewModel.swift */,
				B8D14110261BA7F400D3822E /* SignUpModel.swift */,
			);
			path = "Sign Up";
			sourceTree = "<group>";
		};
		B8DA2060261A80C800EF93AB /* Login */ = {
			isa = PBXGroup;
			children = (
				B8DACB42261901C00066755A /* LoginView.swift */,
				B8DA2064261A80FC00EF93AB /* LoginViewModel.swift */,
			);
			path = Login;
			sourceTree = "<group>";
		};
		B8E1CB9425F14C2C00493EC5 = {
			isa = PBXGroup;
			children = (
				B8E1CB9F25F14C2C00493EC5 /* StudySnap */,
				B8E1CBB125F14C2D00493EC5 /* StudySnapTests */,
				B8E1CBBC25F14C2D00493EC5 /* StudySnapUITests */,
				B8E1CB9E25F14C2C00493EC5 /* Products */,
			);
			sourceTree = "<group>";
		};
		B8E1CB9E25F14C2C00493EC5 /* Products */ = {
			isa = PBXGroup;
			children = (
				B8E1CB9D25F14C2C00493EC5 /* StudySnap.app */,
				B8E1CBAE25F14C2D00493EC5 /* StudySnapTests.xctest */,
				B8E1CBB925F14C2D00493EC5 /* StudySnapUITests.xctest */,
			);
			name = Products;
			sourceTree = "<group>";
		};
		B8E1CB9F25F14C2C00493EC5 /* StudySnap */ = {
			isa = PBXGroup;
			children = (
				4A72D92126FFA66200519D6A /* ClassroomManagement */,
				B8D14139261BE89E00D3822E /* Generic */,
				B8D1412C261BE0F800D3822E /* Old */,
				B8E1CBD725F179CD00493EC5 /* Authentication */,
				B8D14116261BDE4800D3822E /* NoteManagement */,
				4A0739C6260534C100A823DF /* App */,
				4A04FD6B2603F07A00895B0D /* Components */,
				B8E1CBA425F14C2D00493EC5 /* Assets.xcassets */,
				B8E1CBA925F14C2D00493EC5 /* Info.plist */,
				B8E1CBA625F14C2D00493EC5 /* Preview Content */,
			);
			path = StudySnap;
			sourceTree = "<group>";
		};
		B8E1CBA625F14C2D00493EC5 /* Preview Content */ = {
			isa = PBXGroup;
			children = (
				B8E1CBA725F14C2D00493EC5 /* Preview Assets.xcassets */,
			);
			path = "Preview Content";
			sourceTree = "<group>";
		};
		B8E1CBB125F14C2D00493EC5 /* StudySnapTests */ = {
			isa = PBXGroup;
			children = (
				B8E1CBB225F14C2D00493EC5 /* StudySnapTests.swift */,
				B8E1CBB425F14C2D00493EC5 /* Info.plist */,
			);
			path = StudySnapTests;
			sourceTree = "<group>";
		};
		B8E1CBBC25F14C2D00493EC5 /* StudySnapUITests */ = {
			isa = PBXGroup;
			children = (
				B8E1CBBD25F14C2D00493EC5 /* StudySnapUITests.swift */,
				B8E1CBBF25F14C2D00493EC5 /* Info.plist */,
			);
			path = StudySnapUITests;
			sourceTree = "<group>";
		};
		B8E1CBD725F179CD00493EC5 /* Authentication */ = {
			isa = PBXGroup;
			children = (
				B8DACB482619040D0066755A /* Authentication.swift */,
				B8DA2060261A80C800EF93AB /* Login */,
				B8DA205F261A80B500EF93AB /* Sign Up */,
				B8DA2054261A5E8500EF93AB /* Keychain */,
			);
			path = Authentication;
			sourceTree = "<group>";
		};
/* End PBXGroup section */

/* Begin PBXNativeTarget section */
		B8E1CB9C25F14C2C00493EC5 /* StudySnap */ = {
			isa = PBXNativeTarget;
			buildConfigurationList = B8E1CBC225F14C2D00493EC5 /* Build configuration list for PBXNativeTarget "StudySnap" */;
			buildPhases = (
				B8E1CB9925F14C2C00493EC5 /* Sources */,
				B8E1CB9A25F14C2C00493EC5 /* Frameworks */,
				B8E1CB9B25F14C2C00493EC5 /* Resources */,
			);
			buildRules = (
			);
			dependencies = (
			);
			name = StudySnap;
			productName = StudySnap;
			productReference = B8E1CB9D25F14C2C00493EC5 /* StudySnap.app */;
			productType = "com.apple.product-type.application";
		};
		B8E1CBAD25F14C2D00493EC5 /* StudySnapTests */ = {
			isa = PBXNativeTarget;
			buildConfigurationList = B8E1CBC525F14C2D00493EC5 /* Build configuration list for PBXNativeTarget "StudySnapTests" */;
			buildPhases = (
				B8E1CBAA25F14C2D00493EC5 /* Sources */,
				B8E1CBAB25F14C2D00493EC5 /* Frameworks */,
				B8E1CBAC25F14C2D00493EC5 /* Resources */,
			);
			buildRules = (
			);
			dependencies = (
				B8E1CBB025F14C2D00493EC5 /* PBXTargetDependency */,
			);
			name = StudySnapTests;
			productName = StudySnapTests;
			productReference = B8E1CBAE25F14C2D00493EC5 /* StudySnapTests.xctest */;
			productType = "com.apple.product-type.bundle.unit-test";
		};
		B8E1CBB825F14C2D00493EC5 /* StudySnapUITests */ = {
			isa = PBXNativeTarget;
			buildConfigurationList = B8E1CBC825F14C2D00493EC5 /* Build configuration list for PBXNativeTarget "StudySnapUITests" */;
			buildPhases = (
				B8E1CBB525F14C2D00493EC5 /* Sources */,
				B8E1CBB625F14C2D00493EC5 /* Frameworks */,
				B8E1CBB725F14C2D00493EC5 /* Resources */,
			);
			buildRules = (
			);
			dependencies = (
				B8E1CBBB25F14C2D00493EC5 /* PBXTargetDependency */,
			);
			name = StudySnapUITests;
			productName = StudySnapUITests;
			productReference = B8E1CBB925F14C2D00493EC5 /* StudySnapUITests.xctest */;
			productType = "com.apple.product-type.bundle.ui-testing";
		};
/* End PBXNativeTarget section */

/* Begin PBXProject section */
		B8E1CB9525F14C2C00493EC5 /* Project object */ = {
			isa = PBXProject;
			attributes = {
				LastSwiftUpdateCheck = 1230;
				LastUpgradeCheck = 1230;
				TargetAttributes = {
					B8E1CB9C25F14C2C00493EC5 = {
						CreatedOnToolsVersion = 12.3;
					};
					B8E1CBAD25F14C2D00493EC5 = {
						CreatedOnToolsVersion = 12.3;
						TestTargetID = B8E1CB9C25F14C2C00493EC5;
					};
					B8E1CBB825F14C2D00493EC5 = {
						CreatedOnToolsVersion = 12.3;
						TestTargetID = B8E1CB9C25F14C2C00493EC5;
					};
				};
			};
			buildConfigurationList = B8E1CB9825F14C2C00493EC5 /* Build configuration list for PBXProject "StudySnap" */;
			compatibilityVersion = "Xcode 9.3";
			developmentRegion = en;
			hasScannedForEncodings = 0;
			knownRegions = (
				en,
				Base,
			);
			mainGroup = B8E1CB9425F14C2C00493EC5;
			productRefGroup = B8E1CB9E25F14C2C00493EC5 /* Products */;
			projectDirPath = "";
			projectRoot = "";
			targets = (
				B8E1CB9C25F14C2C00493EC5 /* StudySnap */,
				B8E1CBAD25F14C2D00493EC5 /* StudySnapTests */,
				B8E1CBB825F14C2D00493EC5 /* StudySnapUITests */,
			);
		};
/* End PBXProject section */

/* Begin PBXResourcesBuildPhase section */
		B8E1CB9B25F14C2C00493EC5 /* Resources */ = {
			isa = PBXResourcesBuildPhase;
			buildActionMask = 2147483647;
			files = (
				B8E1CBA825F14C2D00493EC5 /* Preview Assets.xcassets in Resources */,
				4A72D93D26FFBCB900519D6A /* classrooms_data.json in Resources */,
				B8E1CBA525F14C2D00493EC5 /* Assets.xcassets in Resources */,
				4A65D062260D324A00B0F58B /* Launch Screen.storyboard in Resources */,
				4A012585260C22FD009E3F6B /* notes_data.json in Resources */,
			);
			runOnlyForDeploymentPostprocessing = 0;
		};
		B8E1CBAC25F14C2D00493EC5 /* Resources */ = {
			isa = PBXResourcesBuildPhase;
			buildActionMask = 2147483647;
			files = (
			);
			runOnlyForDeploymentPostprocessing = 0;
		};
		B8E1CBB725F14C2D00493EC5 /* Resources */ = {
			isa = PBXResourcesBuildPhase;
			buildActionMask = 2147483647;
			files = (
			);
			runOnlyForDeploymentPostprocessing = 0;
		};
/* End PBXResourcesBuildPhase section */

/* Begin PBXSourcesBuildPhase section */
		B8E1CB9925F14C2C00493EC5 /* Sources */ = {
			isa = PBXSourcesBuildPhase;
			buildActionMask = 2147483647;
			files = (
				4A012530260BE58B009E3F6B /* NoteRowView.swift in Sources */,
				4A7EDFF126F3F1910007D91B /* Constants.swift in Sources */,
				B8D1413B261BE8AD00D3822E /* KeyboardGuardian.swift in Sources */,
				4A012575260C1E9A009E3F6B /* NoteModel.swift in Sources */,
				B8C5CD232628EBFC00C9FC74 /* NoteListRowItem.swift in Sources */,
				4A0739B5260530A800A823DF /* MainView.swift in Sources */,
				B8DA2056261A5E9400EF93AB /* KeychainWrapper.swift in Sources */,
				B8E1CBA325F14C2C00493EC5 /* NoteSearchView.swift in Sources */,
				B842E96C262B63880027E2CB /* UtilFunctions.swift in Sources */,
				4A72D92C26FFB23F00519D6A /* ClassroomGridItemView.swift in Sources */,
				B8D14111261BA7F400D3822E /* SignUpModel.swift in Sources */,
				4A0126A3260C722C009E3F6B /* CodableExtension.swift in Sources */,
				4A012570260C1AE1009E3F6B /* CloudNoteView.swift in Sources */,
				4A72D93226FFB4F800519D6A /* ClassroomModel.swift in Sources */,
				4A04FD6D2603F16B00895B0D /* StartButtonView.swift in Sources */,
				4A012560260C000D009E3F6B /* NoteUploadView.swift in Sources */,
				4A073A0B2605565A00A823DF /* MiniNoteCardView.swift in Sources */,
				4A01260A260C46C0009E3F6B /* NoteRatingView.swift in Sources */,
				4A0739BD2605340D00A823DF /* StorageView.swift in Sources */,
				B8D14140261BE95300D3822E /* GeometryGetter.swift in Sources */,
				B866B1FE262A4B44004C2681 /* NoteViewViewModel.swift in Sources */,
				B8DACB492619040D0066755A /* Authentication.swift in Sources */,
				4A7EDFE926F3EF120007D91B /* InfoPlistParser.swift in Sources */,
				B8AB655D261A1F8100FC4320 /* InputFieldViewCollection.swift in Sources */,
				4A0126F1260C8A58009E3F6B /* NoteDataView.swift in Sources */,
				B8FC45F7262683BE002179F3 /* Neptune.swift in Sources */,
				B8DACB43261901C00066755A /* LoginView.swift in Sources */,
				4A01256B260C1AC3009E3F6B /* LocalNoteView.swift in Sources */,
				B864A7C5262BAABB0058493F /* ValidationOverride.swift in Sources */,
				4A04FD7A2604368900895B0D /* OnBoardingView.swift in Sources */,
				4A72D92326FFA6B900519D6A /* ClassroomsView.swift in Sources */,
				B8E1CBDE25F17A5F00493EC5 /* SignUpView.swift in Sources */,
				B8E1CBA125F14C2C00493EC5 /* StudySnapApp.swift in Sources */,
				B8DA2065261A80FC00EF93AB /* LoginViewModel.swift in Sources */,
				B833317A26294CF700365D11 /* FilePickedView.swift in Sources */,
				4A0739C2260534B000A823DF /* RecommendationView.swift in Sources */,
				B833318F262A007100365D11 /* NoteUploadViewModel.swift in Sources */,
				B8DA206A261A810D00EF93AB /* SignUpViewModel.swift in Sources */,
				4A72D95726FFDD1700519D6A /* ClassroomUserModel.swift in Sources */,
				B8DA205B261A600500EF93AB /* TokenService.swift in Sources */,
				B898743B2626999100C25B23 /* NoteSearchViewModel.swift in Sources */,
				B8AB6562261A231000FC4320 /* PrimaryButtonView.swift in Sources */,
			);
			runOnlyForDeploymentPostprocessing = 0;
		};
		B8E1CBAA25F14C2D00493EC5 /* Sources */ = {
			isa = PBXSourcesBuildPhase;
			buildActionMask = 2147483647;
			files = (
				B8E1CBB325F14C2D00493EC5 /* StudySnapTests.swift in Sources */,
			);
			runOnlyForDeploymentPostprocessing = 0;
		};
		B8E1CBB525F14C2D00493EC5 /* Sources */ = {
			isa = PBXSourcesBuildPhase;
			buildActionMask = 2147483647;
			files = (
				B8E1CBBE25F14C2D00493EC5 /* StudySnapUITests.swift in Sources */,
			);
			runOnlyForDeploymentPostprocessing = 0;
		};
/* End PBXSourcesBuildPhase section */

/* Begin PBXTargetDependency section */
		B8E1CBB025F14C2D00493EC5 /* PBXTargetDependency */ = {
			isa = PBXTargetDependency;
			target = B8E1CB9C25F14C2C00493EC5 /* StudySnap */;
			targetProxy = B8E1CBAF25F14C2D00493EC5 /* PBXContainerItemProxy */;
		};
		B8E1CBBB25F14C2D00493EC5 /* PBXTargetDependency */ = {
			isa = PBXTargetDependency;
			target = B8E1CB9C25F14C2C00493EC5 /* StudySnap */;
			targetProxy = B8E1CBBA25F14C2D00493EC5 /* PBXContainerItemProxy */;
		};
/* End PBXTargetDependency section */

/* Begin XCBuildConfiguration section */
		B8E1CBC025F14C2D00493EC5 /* Debug */ = {
			isa = XCBuildConfiguration;
			buildSettings = {
				ALWAYS_SEARCH_USER_PATHS = NO;
				CLANG_ANALYZER_NONNULL = YES;
				CLANG_ANALYZER_NUMBER_OBJECT_CONVERSION = YES_AGGRESSIVE;
				CLANG_CXX_LANGUAGE_STANDARD = "gnu++14";
				CLANG_CXX_LIBRARY = "libc++";
				CLANG_ENABLE_MODULES = YES;
				CLANG_ENABLE_OBJC_ARC = YES;
				CLANG_ENABLE_OBJC_WEAK = YES;
				CLANG_WARN_BLOCK_CAPTURE_AUTORELEASING = YES;
				CLANG_WARN_BOOL_CONVERSION = YES;
				CLANG_WARN_COMMA = YES;
				CLANG_WARN_CONSTANT_CONVERSION = YES;
				CLANG_WARN_DEPRECATED_OBJC_IMPLEMENTATIONS = YES;
				CLANG_WARN_DIRECT_OBJC_ISA_USAGE = YES_ERROR;
				CLANG_WARN_DOCUMENTATION_COMMENTS = YES;
				CLANG_WARN_EMPTY_BODY = YES;
				CLANG_WARN_ENUM_CONVERSION = YES;
				CLANG_WARN_INFINITE_RECURSION = YES;
				CLANG_WARN_INT_CONVERSION = YES;
				CLANG_WARN_NON_LITERAL_NULL_CONVERSION = YES;
				CLANG_WARN_OBJC_IMPLICIT_RETAIN_SELF = YES;
				CLANG_WARN_OBJC_LITERAL_CONVERSION = YES;
				CLANG_WARN_OBJC_ROOT_CLASS = YES_ERROR;
				CLANG_WARN_QUOTED_INCLUDE_IN_FRAMEWORK_HEADER = YES;
				CLANG_WARN_RANGE_LOOP_ANALYSIS = YES;
				CLANG_WARN_STRICT_PROTOTYPES = YES;
				CLANG_WARN_SUSPICIOUS_MOVE = YES;
				CLANG_WARN_UNGUARDED_AVAILABILITY = YES_AGGRESSIVE;
				CLANG_WARN_UNREACHABLE_CODE = YES;
				CLANG_WARN__DUPLICATE_METHOD_MATCH = YES;
				COPY_PHASE_STRIP = NO;
				DEBUG_INFORMATION_FORMAT = dwarf;
				ENABLE_STRICT_OBJC_MSGSEND = YES;
				ENABLE_TESTABILITY = YES;
				GCC_C_LANGUAGE_STANDARD = gnu11;
				GCC_DYNAMIC_NO_PIC = NO;
				GCC_NO_COMMON_BLOCKS = YES;
				GCC_OPTIMIZATION_LEVEL = 0;
				GCC_PREPROCESSOR_DEFINITIONS = (
					"DEBUG=1",
					"$(inherited)",
				);
				GCC_WARN_64_TO_32_BIT_CONVERSION = YES;
				GCC_WARN_ABOUT_RETURN_TYPE = YES_ERROR;
				GCC_WARN_UNDECLARED_SELECTOR = YES;
				GCC_WARN_UNINITIALIZED_AUTOS = YES_AGGRESSIVE;
				GCC_WARN_UNUSED_FUNCTION = YES;
				GCC_WARN_UNUSED_VARIABLE = YES;
				IPHONEOS_DEPLOYMENT_TARGET = 14.3;
				MTL_ENABLE_DEBUG_INFO = INCLUDE_SOURCE;
				MTL_FAST_MATH = YES;
				ONLY_ACTIVE_ARCH = YES;
				SDKROOT = iphoneos;
				SWIFT_ACTIVE_COMPILATION_CONDITIONS = DEBUG;
				SWIFT_OPTIMIZATION_LEVEL = "-Onone";
			};
			name = Debug;
		};
		B8E1CBC125F14C2D00493EC5 /* Release */ = {
			isa = XCBuildConfiguration;
			buildSettings = {
				ALWAYS_SEARCH_USER_PATHS = NO;
				CLANG_ANALYZER_NONNULL = YES;
				CLANG_ANALYZER_NUMBER_OBJECT_CONVERSION = YES_AGGRESSIVE;
				CLANG_CXX_LANGUAGE_STANDARD = "gnu++14";
				CLANG_CXX_LIBRARY = "libc++";
				CLANG_ENABLE_MODULES = YES;
				CLANG_ENABLE_OBJC_ARC = YES;
				CLANG_ENABLE_OBJC_WEAK = YES;
				CLANG_WARN_BLOCK_CAPTURE_AUTORELEASING = YES;
				CLANG_WARN_BOOL_CONVERSION = YES;
				CLANG_WARN_COMMA = YES;
				CLANG_WARN_CONSTANT_CONVERSION = YES;
				CLANG_WARN_DEPRECATED_OBJC_IMPLEMENTATIONS = YES;
				CLANG_WARN_DIRECT_OBJC_ISA_USAGE = YES_ERROR;
				CLANG_WARN_DOCUMENTATION_COMMENTS = YES;
				CLANG_WARN_EMPTY_BODY = YES;
				CLANG_WARN_ENUM_CONVERSION = YES;
				CLANG_WARN_INFINITE_RECURSION = YES;
				CLANG_WARN_INT_CONVERSION = YES;
				CLANG_WARN_NON_LITERAL_NULL_CONVERSION = YES;
				CLANG_WARN_OBJC_IMPLICIT_RETAIN_SELF = YES;
				CLANG_WARN_OBJC_LITERAL_CONVERSION = YES;
				CLANG_WARN_OBJC_ROOT_CLASS = YES_ERROR;
				CLANG_WARN_QUOTED_INCLUDE_IN_FRAMEWORK_HEADER = YES;
				CLANG_WARN_RANGE_LOOP_ANALYSIS = YES;
				CLANG_WARN_STRICT_PROTOTYPES = YES;
				CLANG_WARN_SUSPICIOUS_MOVE = YES;
				CLANG_WARN_UNGUARDED_AVAILABILITY = YES_AGGRESSIVE;
				CLANG_WARN_UNREACHABLE_CODE = YES;
				CLANG_WARN__DUPLICATE_METHOD_MATCH = YES;
				COPY_PHASE_STRIP = NO;
				DEBUG_INFORMATION_FORMAT = "dwarf-with-dsym";
				ENABLE_NS_ASSERTIONS = NO;
				ENABLE_STRICT_OBJC_MSGSEND = YES;
				GCC_C_LANGUAGE_STANDARD = gnu11;
				GCC_NO_COMMON_BLOCKS = YES;
				GCC_WARN_64_TO_32_BIT_CONVERSION = YES;
				GCC_WARN_ABOUT_RETURN_TYPE = YES_ERROR;
				GCC_WARN_UNDECLARED_SELECTOR = YES;
				GCC_WARN_UNINITIALIZED_AUTOS = YES_AGGRESSIVE;
				GCC_WARN_UNUSED_FUNCTION = YES;
				GCC_WARN_UNUSED_VARIABLE = YES;
				IPHONEOS_DEPLOYMENT_TARGET = 14.3;
				MTL_ENABLE_DEBUG_INFO = NO;
				MTL_FAST_MATH = YES;
				SDKROOT = iphoneos;
				SWIFT_COMPILATION_MODE = wholemodule;
				SWIFT_OPTIMIZATION_LEVEL = "-O";
				VALIDATE_PRODUCT = YES;
			};
			name = Release;
		};
		B8E1CBC325F14C2D00493EC5 /* Debug */ = {
			isa = XCBuildConfiguration;
			buildSettings = {
				ASSETCATALOG_COMPILER_APPICON_NAME = AppIcon;
				ASSETCATALOG_COMPILER_GLOBAL_ACCENT_COLOR_NAME = AccentColor;
				CODE_SIGN_STYLE = Automatic;
				DEVELOPMENT_ASSET_PATHS = "\"StudySnap/Preview Content\"";
				DEVELOPMENT_TEAM = L53TEA5UHM;
				ENABLE_PREVIEWS = YES;
				INFOPLIST_FILE = StudySnap/Info.plist;
				IPHONEOS_DEPLOYMENT_TARGET = 14.0;
				LD_RUNPATH_SEARCH_PATHS = (
					"$(inherited)",
					"@executable_path/Frameworks",
				);
				PRODUCT_BUNDLE_IDENTIFIER = ca.studysnap.StudySnap;
				PRODUCT_NAME = "$(TARGET_NAME)";
				SWIFT_VERSION = 5.0;
				TARGETED_DEVICE_FAMILY = "1,2";
			};
			name = Debug;
		};
		B8E1CBC425F14C2D00493EC5 /* Release */ = {
			isa = XCBuildConfiguration;
			buildSettings = {
				ASSETCATALOG_COMPILER_APPICON_NAME = AppIcon;
				ASSETCATALOG_COMPILER_GLOBAL_ACCENT_COLOR_NAME = AccentColor;
				CODE_SIGN_STYLE = Automatic;
				DEVELOPMENT_ASSET_PATHS = "\"StudySnap/Preview Content\"";
				DEVELOPMENT_TEAM = L53TEA5UHM;
				ENABLE_PREVIEWS = YES;
				INFOPLIST_FILE = StudySnap/Info.plist;
				IPHONEOS_DEPLOYMENT_TARGET = 14.0;
				LD_RUNPATH_SEARCH_PATHS = (
					"$(inherited)",
					"@executable_path/Frameworks",
				);
				PRODUCT_BUNDLE_IDENTIFIER = ca.studysnap.StudySnap;
				PRODUCT_NAME = "$(TARGET_NAME)";
				SWIFT_VERSION = 5.0;
				TARGETED_DEVICE_FAMILY = "1,2";
			};
			name = Release;
		};
		B8E1CBC625F14C2D00493EC5 /* Debug */ = {
			isa = XCBuildConfiguration;
			buildSettings = {
				ALWAYS_EMBED_SWIFT_STANDARD_LIBRARIES = YES;
				BUNDLE_LOADER = "$(TEST_HOST)";
				CODE_SIGN_STYLE = Automatic;
				DEVELOPMENT_TEAM = L53TEA5UHM;
				INFOPLIST_FILE = StudySnapTests/Info.plist;
				IPHONEOS_DEPLOYMENT_TARGET = 14.0;
				LD_RUNPATH_SEARCH_PATHS = (
					"$(inherited)",
					"@executable_path/Frameworks",
					"@loader_path/Frameworks",
				);
				PRODUCT_BUNDLE_IDENTIFIER = ca.studysnap.StudySnapTests;
				PRODUCT_NAME = "$(TARGET_NAME)";
				SWIFT_VERSION = 5.0;
				TARGETED_DEVICE_FAMILY = "1,2";
				TEST_HOST = "$(BUILT_PRODUCTS_DIR)/StudySnap.app/StudySnap";
			};
			name = Debug;
		};
		B8E1CBC725F14C2D00493EC5 /* Release */ = {
			isa = XCBuildConfiguration;
			buildSettings = {
				ALWAYS_EMBED_SWIFT_STANDARD_LIBRARIES = YES;
				BUNDLE_LOADER = "$(TEST_HOST)";
				CODE_SIGN_STYLE = Automatic;
				DEVELOPMENT_TEAM = L53TEA5UHM;
				INFOPLIST_FILE = StudySnapTests/Info.plist;
				IPHONEOS_DEPLOYMENT_TARGET = 14.0;
				LD_RUNPATH_SEARCH_PATHS = (
					"$(inherited)",
					"@executable_path/Frameworks",
					"@loader_path/Frameworks",
				);
				PRODUCT_BUNDLE_IDENTIFIER = ca.studysnap.StudySnapTests;
				PRODUCT_NAME = "$(TARGET_NAME)";
				SWIFT_VERSION = 5.0;
				TARGETED_DEVICE_FAMILY = "1,2";
				TEST_HOST = "$(BUILT_PRODUCTS_DIR)/StudySnap.app/StudySnap";
			};
			name = Release;
		};
		B8E1CBC925F14C2D00493EC5 /* Debug */ = {
			isa = XCBuildConfiguration;
			buildSettings = {
				ALWAYS_EMBED_SWIFT_STANDARD_LIBRARIES = YES;
				CODE_SIGN_STYLE = Automatic;
				DEVELOPMENT_TEAM = L53TEA5UHM;
				INFOPLIST_FILE = StudySnapUITests/Info.plist;
				LD_RUNPATH_SEARCH_PATHS = (
					"$(inherited)",
					"@executable_path/Frameworks",
					"@loader_path/Frameworks",
				);
				PRODUCT_BUNDLE_IDENTIFIER = ca.studysnap.StudySnapUITests;
				PRODUCT_NAME = "$(TARGET_NAME)";
				SWIFT_VERSION = 5.0;
				TARGETED_DEVICE_FAMILY = "1,2";
				TEST_TARGET_NAME = StudySnap;
			};
			name = Debug;
		};
		B8E1CBCA25F14C2D00493EC5 /* Release */ = {
			isa = XCBuildConfiguration;
			buildSettings = {
				ALWAYS_EMBED_SWIFT_STANDARD_LIBRARIES = YES;
				CODE_SIGN_STYLE = Automatic;
				DEVELOPMENT_TEAM = L53TEA5UHM;
				INFOPLIST_FILE = StudySnapUITests/Info.plist;
				LD_RUNPATH_SEARCH_PATHS = (
					"$(inherited)",
					"@executable_path/Frameworks",
					"@loader_path/Frameworks",
				);
				PRODUCT_BUNDLE_IDENTIFIER = ca.studysnap.StudySnapUITests;
				PRODUCT_NAME = "$(TARGET_NAME)";
				SWIFT_VERSION = 5.0;
				TARGETED_DEVICE_FAMILY = "1,2";
				TEST_TARGET_NAME = StudySnap;
			};
			name = Release;
		};
/* End XCBuildConfiguration section */

/* Begin XCConfigurationList section */
		B8E1CB9825F14C2C00493EC5 /* Build configuration list for PBXProject "StudySnap" */ = {
			isa = XCConfigurationList;
			buildConfigurations = (
				B8E1CBC025F14C2D00493EC5 /* Debug */,
				B8E1CBC125F14C2D00493EC5 /* Release */,
			);
			defaultConfigurationIsVisible = 0;
			defaultConfigurationName = Release;
		};
		B8E1CBC225F14C2D00493EC5 /* Build configuration list for PBXNativeTarget "StudySnap" */ = {
			isa = XCConfigurationList;
			buildConfigurations = (
				B8E1CBC325F14C2D00493EC5 /* Debug */,
				B8E1CBC425F14C2D00493EC5 /* Release */,
			);
			defaultConfigurationIsVisible = 0;
			defaultConfigurationName = Release;
		};
		B8E1CBC525F14C2D00493EC5 /* Build configuration list for PBXNativeTarget "StudySnapTests" */ = {
			isa = XCConfigurationList;
			buildConfigurations = (
				B8E1CBC625F14C2D00493EC5 /* Debug */,
				B8E1CBC725F14C2D00493EC5 /* Release */,
			);
			defaultConfigurationIsVisible = 0;
			defaultConfigurationName = Release;
		};
		B8E1CBC825F14C2D00493EC5 /* Build configuration list for PBXNativeTarget "StudySnapUITests" */ = {
			isa = XCConfigurationList;
			buildConfigurations = (
				B8E1CBC925F14C2D00493EC5 /* Debug */,
				B8E1CBCA25F14C2D00493EC5 /* Release */,
			);
			defaultConfigurationIsVisible = 0;
			defaultConfigurationName = Release;
		};
/* End XCConfigurationList section */
	};
	rootObject = B8E1CB9525F14C2C00493EC5 /* Project object */;
}
